
Microsoft Visual Studio Solution File, Format Version 12.00
# Visual Studio Version 17
VisualStudioVersion = 17.7.34031.279
MinimumVisualStudioVersion = 10.0.40219.1
Project("{8BC9CEB8-8B4A-11D0-8D11-00A0C91BC942}") = "Week05", "Week05\Week05.vcxproj", "{4CBB69AA-B35C-4038-947E-89B74109B597}"
EndProject
Project("{8BC9CEB8-8B4A-11D0-8D11-00A0C91BC942}") = "week05_clss2", "week05_clss2\week05_clss2.vcxproj", "{8C366662-2F35-43EB-8787-BBEDBFBD9199}"
EndProject
Project("{8BC9CEB8-8B4A-11D0-8D11-00A0C91BC942}") = "week05_11_10", "week05_11_10\week05_11_10.vcxproj", "{FFA504EA-245F-49E7-A93E-A0A267BAEEBF}"
EndProject
Project("{8BC9CEB8-8B4A-11D0-8D11-00A0C91BC942}") = "week05_11_10_project2", "week05_11_10_project2\week05_11_10_project2.vcxproj", "{7665BEDF-AA58-4982-9B4C-72FA7875ADBF}"
EndProject
Project("{8BC9CEB8-8B4A-11D0-8D11-00A0C91BC942}") = "Week05_13_10", "Week05_13_10\Week05_13_10.vcxproj", "{E02B6424-E2E8-42F2-945A-79F759851A6D}"
EndProject
Global
	GlobalSection(SolutionConfigurationPlatforms) = preSolution
		Debug|x64 = Debug|x64
		Debug|x86 = Debug|x86
		Release|x64 = Release|x64
		Release|x86 = Release|x86
	EndGlobalSection
	GlobalSection(ProjectConfigurationPlatforms) = postSolution
		{4CBB69AA-B35C-4038-947E-89B74109B597}.Debug|x64.ActiveCfg = Debug|x64
		{4CBB69AA-B35C-4038-947E-89B74109B597}.Debug|x64.Build.0 = Debug|x64
		{4CBB69AA-B35C-4038-947E-89B74109B597}.Debug|x86.ActiveCfg = Debug|Win32
		{4CBB69AA-B35C-4038-947E-89B74109B597}.Debug|x86.Build.0 = Debug|Win32
		{4CBB69AA-B35C-4038-947E-89B74109B597}.Release|x64.ActiveCfg = Release|x64
		{4CBB69AA-B35C-4038-947E-89B74109B597}.Release|x64.Build.0 = Release|x64
		{4CBB69AA-B35C-4038-947E-89B74109B597}.Release|x86.ActiveCfg = Release|Win32
		{4CBB69AA-B35C-4038-947E-89B74109B597}.Release|x86.Build.0 = Release|Win32
		{8C366662-2F35-43EB-8787-BBEDBFBD9199}.Debug|x64.ActiveCfg = Debug|x64
		{8C366662-2F35-43EB-8787-BBEDBFBD9199}.Debug|x64.Build.0 = Debug|x64
		{8C366662-2F35-43EB-8787-BBEDBFBD9199}.Debug|x86.ActiveCfg = Debug|Win32
		{8C366662-2F35-43EB-8787-BBEDBFBD9199}.Debug|x86.Build.0 = Debug|Win32
		{8C366662-2F35-43EB-8787-BBEDBFBD9199}.Release|x64.ActiveCfg = Release|x64
		{8C366662-2F35-43EB-8787-BBEDBFBD9199}.Release|x64.Build.0 = Release|x64
		{8C366662-2F35-43EB-8787-BBEDBFBD9199}.Release|x86.ActiveCfg = Release|Win32
		{8C366662-2F35-43EB-8787-BBEDBFBD9199}.Release|x86.Build.0 = Release|Win32
		{FFA504EA-245F-49E7-A93E-A0A267BAEEBF}.Debug|x64.ActiveCfg = Debug|x64
		{FFA504EA-245F-49E7-A93E-A0A267BAEEBF}.Debug|x64.Build.0 = Debug|x64
		{FFA504EA-245F-49E7-A93E-A0A267BAEEBF}.Debug|x86.ActiveCfg = Debug|Win32
		{FFA504EA-245F-49E7-A93E-A0A267BAEEBF}.Debug|x86.Build.0 = Debug|Win32
		{FFA504EA-245F-49E7-A93E-A0A267BAEEBF}.Release|x64.ActiveCfg = Release|x64
		{FFA504EA-245F-49E7-A93E-A0A267BAEEBF}.Release|x64.Build.0 = Release|x64
		{FFA504EA-245F-49E7-A93E-A0A267BAEEBF}.Release|x86.ActiveCfg = Release|Win32
		{FFA504EA-245F-49E7-A93E-A0A267BAEEBF}.Release|x86.Build.0 = Release|Win32
		{7665BEDF-AA58-4982-9B4C-72FA7875ADBF}.Debug|x64.ActiveCfg = Debug|x64
		{7665BEDF-AA58-4982-9B4C-72FA7875ADBF}.Debug|x64.Build.0 = Debug|x64
		{7665BEDF-AA58-4982-9B4C-72FA7875ADBF}.Debug|x86.ActiveCfg = Debug|Win32
		{7665BEDF-AA58-4982-9B4C-72FA7875ADBF}.Debug|x86.Build.0 = Debug|Win32
		{7665BEDF-AA58-4982-9B4C-72FA7875ADBF}.Release|x64.ActiveCfg = Release|x64
		{7665BEDF-AA58-4982-9B4C-72FA7875ADBF}.Release|x64.Build.0 = Release|x64
		{7665BEDF-AA58-4982-9B4C-72FA7875ADBF}.Release|x86.ActiveCfg = Release|Win32
		{7665BEDF-AA58-4982-9B4C-72FA7875ADBF}.Release|x86.Build.0 = Release|Win32
		{E02B6424-E2E8-42F2-945A-79F759851A6D}.Debug|x64.ActiveCfg = Debug|x64
		{E02B6424-E2E8-42F2-945A-79F759851A6D}.Debug|x64.Build.0 = Debug|x64
		{E02B6424-E2E8-42F2-945A-79F759851A6D}.Debug|x86.ActiveCfg = Debug|Win32
		{E02B6424-E2E8-42F2-945A-79F759851A6D}.Debug|x86.Build.0 = Debug|Win32
		{E02B6424-E2E8-42F2-945A-79F759851A6D}.Release|x64.ActiveCfg = Release|x64
		{E02B6424-E2E8-42F2-945A-79F759851A6D}.Release|x64.Build.0 = Release|x64
		{E02B6424-E2E8-42F2-945A-79F759851A6D}.Release|x86.ActiveCfg = Release|Win32
		{E02B6424-E2E8-42F2-945A-79F759851A6D}.Release|x86.Build.0 = Release|Win32
	EndGlobalSection
	GlobalSection(SolutionProperties) = preSolution
		HideSolutionNode = FALSE
	EndGlobalSection
	GlobalSection(ExtensibilityGlobals) = postSolution
		SolutionGuid = {FD685202-FE98-43A2-B18F-6EAE9B336658}
	EndGlobalSection
EndGlobal
